
Microsoft Visual Studio Solution File, Format Version 12.00
# Visual Studio Version 17
VisualStudioVersion = 17.8.34511.84
MinimumVisualStudioVersion = 10.0.40219.1
Project("{FAE04EC0-301F-11D3-BF4B-00C04F79EFBC}") = "TrainingMangementConsole", "TrainingMangementConsole.csproj", "{262C906C-AC37-41B8-A9CD-22D4261A6BF9}"
EndProject
Global
	GlobalSection(SolutionConfigurationPlatforms) = preSolution
		Debug|Any CPU = Debug|Any CPU
		Release|Any CPU = Release|Any CPU
	EndGlobalSection
	GlobalSection(ProjectConfigurationPlatforms) = postSolution
		{262C906C-AC37-41B8-A9CD-22D4261A6BF9}.Debug|Any CPU.ActiveCfg = Debug|Any CPU
		{262C906C-AC37-41B8-A9CD-22D4261A6BF9}.Debug|Any CPU.Build.0 = Debug|Any CPU
		{262C906C-AC37-41B8-A9CD-22D4261A6BF9}.Release|Any CPU.ActiveCfg = Release|Any CPU
		{262C906C-AC37-41B8-A9CD-22D4261A6BF9}.Release|Any CPU.Build.0 = Release|Any CPU
	EndGlobalSection
	GlobalSection(SolutionProperties) = preSolution
		HideSolutionNode = FALSE
	EndGlobalSection
	GlobalSection(ExtensibilityGlobals) = postSolution
		SolutionGuid = {0066F56A-BBD3-4613-8088-4F74F06B760A}
	EndGlobalSection
EndGlobal
